
Microsoft Visual Studio Solution File, Format Version 12.00
# Visual Studio 15
VisualStudioVersion = 15.0.26124.0
MinimumVisualStudioVersion = 15.0.26124.0
Project("{2150E333-8FDC-42A3-9474-1A3956D46DE8}") = "src", "src", "{CF5EE9C6-310A-4173-99CC-DA7881DCCE54}"
EndProject
Project("{FAE04EC0-301F-11D3-BF4B-00C04F79EFBC}") = "Foo.linux-x64", "src\Foo.linux-x64\Foo.linux-x64.csproj", "{D72E9981-918A-41C4-A06A-D90F38D901FE}"
EndProject
Project("{FAE04EC0-301F-11D3-BF4B-00C04F79EFBC}") = "Foo.osx-x64", "src\Foo.osx-x64\Foo.osx-x64.csproj", "{ACB14628-291A-4F7A-987A-E28A0648D039}"
EndProject
Project("{FAE04EC0-301F-11D3-BF4B-00C04F79EFBC}") = "Foo.win-x64", "src\Foo.win-x64\Foo.win-x64.csproj", "{86242B05-B7D7-4E24-B102-C86208A06A80}"
EndProject
Project("{FAE04EC0-301F-11D3-BF4B-00C04F79EFBC}") = "Foo", "src\Foo\Foo.csproj", "{8AC94F2B-7D84-4D53-A061-D293EC56EB92}"
EndProject
Project("{FAE04EC0-301F-11D3-BF4B-00C04F79EFBC}") = "FooApp", "src\FooApp\FooApp.csproj", "{2C130ED0-2249-4F1C-8C35-6978BFF64533}"
EndProject
Project("{2150E333-8FDC-42A3-9474-1A3956D46DE8}") = "test", "test", "{4784A4B0-0EDB-4BE6-963F-825A3E554DBE}"
EndProject
Project("{FAE04EC0-301F-11D3-BF4B-00C04F79EFBC}") = "Foo.Tests", "test\Foo.Tests\Foo.Tests.csproj", "{9E026853-EED2-4F26-90D0-A25CBF36419C}"
EndProject
Global
	GlobalSection(SolutionConfigurationPlatforms) = preSolution
		Debug|Any CPU = Debug|Any CPU
		Debug|x64 = Debug|x64
		Debug|x86 = Debug|x86
		Release|Any CPU = Release|Any CPU
		Release|x64 = Release|x64
		Release|x86 = Release|x86
	EndGlobalSection
	GlobalSection(SolutionProperties) = preSolution
		HideSolutionNode = FALSE
	EndGlobalSection
	GlobalSection(ProjectConfigurationPlatforms) = postSolution
		{D72E9981-918A-41C4-A06A-D90F38D901FE}.Debug|Any CPU.ActiveCfg = Debug|Any CPU
		{D72E9981-918A-41C4-A06A-D90F38D901FE}.Debug|Any CPU.Build.0 = Debug|Any CPU
		{D72E9981-918A-41C4-A06A-D90F38D901FE}.Debug|x64.ActiveCfg = Debug|Any CPU
		{D72E9981-918A-41C4-A06A-D90F38D901FE}.Debug|x64.Build.0 = Debug|Any CPU
		{D72E9981-918A-41C4-A06A-D90F38D901FE}.Debug|x86.ActiveCfg = Debug|Any CPU
		{D72E9981-918A-41C4-A06A-D90F38D901FE}.Debug|x86.Build.0 = Debug|Any CPU
		{D72E9981-918A-41C4-A06A-D90F38D901FE}.Release|Any CPU.ActiveCfg = Release|Any CPU
		{D72E9981-918A-41C4-A06A-D90F38D901FE}.Release|Any CPU.Build.0 = Release|Any CPU
		{D72E9981-918A-41C4-A06A-D90F38D901FE}.Release|x64.ActiveCfg = Release|Any CPU
		{D72E9981-918A-41C4-A06A-D90F38D901FE}.Release|x64.Build.0 = Release|Any CPU
		{D72E9981-918A-41C4-A06A-D90F38D901FE}.Release|x86.ActiveCfg = Release|Any CPU
		{D72E9981-918A-41C4-A06A-D90F38D901FE}.Release|x86.Build.0 = Release|Any CPU
		{ACB14628-291A-4F7A-987A-E28A0648D039}.Debug|Any CPU.ActiveCfg = Debug|Any CPU
		{ACB14628-291A-4F7A-987A-E28A0648D039}.Debug|Any CPU.Build.0 = Debug|Any CPU
		{ACB14628-291A-4F7A-987A-E28A0648D039}.Debug|x64.ActiveCfg = Debug|Any CPU
		{ACB14628-291A-4F7A-987A-E28A0648D039}.Debug|x64.Build.0 = Debug|Any CPU
		{ACB14628-291A-4F7A-987A-E28A0648D039}.Debug|x86.ActiveCfg = Debug|Any CPU
		{ACB14628-291A-4F7A-987A-E28A0648D039}.Debug|x86.Build.0 = Debug|Any CPU
		{ACB14628-291A-4F7A-987A-E28A0648D039}.Release|Any CPU.ActiveCfg = Release|Any CPU
		{ACB14628-291A-4F7A-987A-E28A0648D039}.Release|Any CPU.Build.0 = Release|Any CPU
		{ACB14628-291A-4F7A-987A-E28A0648D039}.Release|x64.ActiveCfg = Release|Any CPU
		{ACB14628-291A-4F7A-987A-E28A0648D039}.Release|x64.Build.0 = Release|Any CPU
		{ACB14628-291A-4F7A-987A-E28A0648D039}.Release|x86.ActiveCfg = Release|Any CPU
		{ACB14628-291A-4F7A-987A-E28A0648D039}.Release|x86.Build.0 = Release|Any CPU
		{86242B05-B7D7-4E24-B102-C86208A06A80}.Debug|Any CPU.ActiveCfg = Debug|Any CPU
		{86242B05-B7D7-4E24-B102-C86208A06A80}.Debug|Any CPU.Build.0 = Debug|Any CPU
		{86242B05-B7D7-4E24-B102-C86208A06A80}.Debug|x64.ActiveCfg = Debug|Any CPU
		{86242B05-B7D7-4E24-B102-C86208A06A80}.Debug|x64.Build.0 = Debug|Any CPU
		{86242B05-B7D7-4E24-B102-C86208A06A80}.Debug|x86.ActiveCfg = Debug|Any CPU
		{86242B05-B7D7-4E24-B102-C86208A06A80}.Debug|x86.Build.0 = Debug|Any CPU
		{86242B05-B7D7-4E24-B102-C86208A06A80}.Release|Any CPU.ActiveCfg = Release|Any CPU
		{86242B05-B7D7-4E24-B102-C86208A06A80}.Release|Any CPU.Build.0 = Release|Any CPU
		{86242B05-B7D7-4E24-B102-C86208A06A80}.Release|x64.ActiveCfg = Release|Any CPU
		{86242B05-B7D7-4E24-B102-C86208A06A80}.Release|x64.Build.0 = Release|Any CPU
		{86242B05-B7D7-4E24-B102-C86208A06A80}.Release|x86.ActiveCfg = Release|Any CPU
		{86242B05-B7D7-4E24-B102-C86208A06A80}.Release|x86.Build.0 = Release|Any CPU
		{8AC94F2B-7D84-4D53-A061-D293EC56EB92}.Debug|Any CPU.ActiveCfg = Debug|Any CPU
		{8AC94F2B-7D84-4D53-A061-D293EC56EB92}.Debug|Any CPU.Build.0 = Debug|Any CPU
		{8AC94F2B-7D84-4D53-A061-D293EC56EB92}.Debug|x64.ActiveCfg = Debug|Any CPU
		{8AC94F2B-7D84-4D53-A061-D293EC56EB92}.Debug|x64.Build.0 = Debug|Any CPU
		{8AC94F2B-7D84-4D53-A061-D293EC56EB92}.Debug|x86.ActiveCfg = Debug|Any CPU
		{8AC94F2B-7D84-4D53-A061-D293EC56EB92}.Debug|x86.Build.0 = Debug|Any CPU
		{8AC94F2B-7D84-4D53-A061-D293EC56EB92}.Release|Any CPU.ActiveCfg = Release|Any CPU
		{8AC94F2B-7D84-4D53-A061-D293EC56EB92}.Release|Any CPU.Build.0 = Release|Any CPU
		{8AC94F2B-7D84-4D53-A061-D293EC56EB92}.Release|x64.ActiveCfg = Release|Any CPU
		{8AC94F2B-7D84-4D53-A061-D293EC56EB92}.Release|x64.Build.0 = Release|Any CPU
		{8AC94F2B-7D84-4D53-A061-D293EC56EB92}.Release|x86.ActiveCfg = Release|Any CPU
		{8AC94F2B-7D84-4D53-A061-D293EC56EB92}.Release|x86.Build.0 = Release|Any CPU
		{2C130ED0-2249-4F1C-8C35-6978BFF64533}.Debug|Any CPU.ActiveCfg = Debug|Any CPU
		{2C130ED0-2249-4F1C-8C35-6978BFF64533}.Debug|Any CPU.Build.0 = Debug|Any CPU
		{2C130ED0-2249-4F1C-8C35-6978BFF64533}.Debug|x64.ActiveCfg = Debug|Any CPU
		{2C130ED0-2249-4F1C-8C35-6978BFF64533}.Debug|x64.Build.0 = Debug|Any CPU
		{2C130ED0-2249-4F1C-8C35-6978BFF64533}.Debug|x86.ActiveCfg = Debug|Any CPU
		{2C130ED0-2249-4F1C-8C35-6978BFF64533}.Debug|x86.Build.0 = Debug|Any CPU
		{2C130ED0-2249-4F1C-8C35-6978BFF64533}.Release|Any CPU.ActiveCfg = Release|Any CPU
		{2C130ED0-2249-4F1C-8C35-6978BFF64533}.Release|Any CPU.Build.0 = Release|Any CPU
		{2C130ED0-2249-4F1C-8C35-6978BFF64533}.Release|x64.ActiveCfg = Release|Any CPU
		{2C130ED0-2249-4F1C-8C35-6978BFF64533}.Release|x64.Build.0 = Release|Any CPU
		{2C130ED0-2249-4F1C-8C35-6978BFF64533}.Release|x86.ActiveCfg = Release|Any CPU
		{2C130ED0-2249-4F1C-8C35-6978BFF64533}.Release|x86.Build.0 = Release|Any CPU
		{9E026853-EED2-4F26-90D0-A25CBF36419C}.Debug|Any CPU.ActiveCfg = Debug|Any CPU
		{9E026853-EED2-4F26-90D0-A25CBF36419C}.Debug|Any CPU.Build.0 = Debug|Any CPU
		{9E026853-EED2-4F26-90D0-A25CBF36419C}.Debug|x64.ActiveCfg = Debug|Any CPU
		{9E026853-EED2-4F26-90D0-A25CBF36419C}.Debug|x64.Build.0 = Debug|Any CPU
		{9E026853-EED2-4F26-90D0-A25CBF36419C}.Debug|x86.ActiveCfg = Debug|Any CPU
		{9E026853-EED2-4F26-90D0-A25CBF36419C}.Debug|x86.Build.0 = Debug|Any CPU
		{9E026853-EED2-4F26-90D0-A25CBF36419C}.Release|Any CPU.ActiveCfg = Release|Any CPU
		{9E026853-EED2-4F26-90D0-A25CBF36419C}.Release|Any CPU.Build.0 = Release|Any CPU
		{9E026853-EED2-4F26-90D0-A25CBF36419C}.Release|x64.ActiveCfg = Release|Any CPU
		{9E026853-EED2-4F26-90D0-A25CBF36419C}.Release|x64.Build.0 = Release|Any CPU
		{9E026853-EED2-4F26-90D0-A25CBF36419C}.Release|x86.ActiveCfg = Release|Any CPU
		{9E026853-EED2-4F26-90D0-A25CBF36419C}.Release|x86.Build.0 = Release|Any CPU
	EndGlobalSection
	GlobalSection(NestedProjects) = preSolution
		{D72E9981-918A-41C4-A06A-D90F38D901FE} = {CF5EE9C6-310A-4173-99CC-DA7881DCCE54}
		{ACB14628-291A-4F7A-987A-E28A0648D039} = {CF5EE9C6-310A-4173-99CC-DA7881DCCE54}
		{86242B05-B7D7-4E24-B102-C86208A06A80} = {CF5EE9C6-310A-4173-99CC-DA7881DCCE54}
		{8AC94F2B-7D84-4D53-A061-D293EC56EB92} = {CF5EE9C6-310A-4173-99CC-DA7881DCCE54}
		{2C130ED0-2249-4F1C-8C35-6978BFF64533} = {CF5EE9C6-310A-4173-99CC-DA7881DCCE54}
		{9E026853-EED2-4F26-90D0-A25CBF36419C} = {4784A4B0-0EDB-4BE6-963F-825A3E554DBE}
	EndGlobalSection
EndGlobal
