
Microsoft Visual Studio Solution File, Format Version 12.00
# Visual Studio 15
VisualStudioVersion = 15.0.26124.0
MinimumVisualStudioVersion = 15.0.26124.0
Project("{2150E333-8FDC-42A3-9474-1A3956D46DE8}") = "src", "src", "{279F8806-318C-4009-A608-ABFC7C5E759D}"
EndProject
Project("{FAE04EC0-301F-11D3-BF4B-00C04F79EFBC}") = "runtime.linux-x64.Foo", "src\runtime.linux-x64.Foo\runtime.linux-x64.Foo.csproj", "{45D8C621-7CB5-4205-B373-4A3DD5F663B5}"
EndProject
Project("{FAE04EC0-301F-11D3-BF4B-00C04F79EFBC}") = "runtime.osx-x64.Foo", "src\runtime.osx-x64.Foo\runtime.osx-x64.Foo.csproj", "{B674C873-FDDB-4DD7-8A57-29EF1356B0EF}"
EndProject
Project("{FAE04EC0-301F-11D3-BF4B-00C04F79EFBC}") = "runtime.win-x64.Foo", "src\runtime.win-x64.Foo\runtime.win-x64.Foo.csproj", "{5C5BABB7-FC27-4915-8EA2-41E4A28CD9C5}"
EndProject
Project("{FAE04EC0-301F-11D3-BF4B-00C04F79EFBC}") = "Foo", "src\Foo\Foo.csproj", "{CA853D0A-D7A8-4594-85A9-571C4E0D12F8}"
EndProject
Project("{FAE04EC0-301F-11D3-BF4B-00C04F79EFBC}") = "FooApp", "src\FooApp\FooApp.csproj", "{B8C011AE-2851-4CD3-AABC-AC9D6E5B32F1}"
EndProject
Global
	GlobalSection(SolutionConfigurationPlatforms) = preSolution
		Debug|Any CPU = Debug|Any CPU
		Debug|x64 = Debug|x64
		Debug|x86 = Debug|x86
		Release|Any CPU = Release|Any CPU
		Release|x64 = Release|x64
		Release|x86 = Release|x86
	EndGlobalSection
	GlobalSection(SolutionProperties) = preSolution
		HideSolutionNode = FALSE
	EndGlobalSection
	GlobalSection(ProjectConfigurationPlatforms) = postSolution
		{45D8C621-7CB5-4205-B373-4A3DD5F663B5}.Debug|Any CPU.ActiveCfg = Debug|Any CPU
		{45D8C621-7CB5-4205-B373-4A3DD5F663B5}.Debug|Any CPU.Build.0 = Debug|Any CPU
		{45D8C621-7CB5-4205-B373-4A3DD5F663B5}.Debug|x64.ActiveCfg = Debug|Any CPU
		{45D8C621-7CB5-4205-B373-4A3DD5F663B5}.Debug|x64.Build.0 = Debug|Any CPU
		{45D8C621-7CB5-4205-B373-4A3DD5F663B5}.Debug|x86.ActiveCfg = Debug|Any CPU
		{45D8C621-7CB5-4205-B373-4A3DD5F663B5}.Debug|x86.Build.0 = Debug|Any CPU
		{45D8C621-7CB5-4205-B373-4A3DD5F663B5}.Release|Any CPU.ActiveCfg = Release|Any CPU
		{45D8C621-7CB5-4205-B373-4A3DD5F663B5}.Release|Any CPU.Build.0 = Release|Any CPU
		{45D8C621-7CB5-4205-B373-4A3DD5F663B5}.Release|x64.ActiveCfg = Release|Any CPU
		{45D8C621-7CB5-4205-B373-4A3DD5F663B5}.Release|x64.Build.0 = Release|Any CPU
		{45D8C621-7CB5-4205-B373-4A3DD5F663B5}.Release|x86.ActiveCfg = Release|Any CPU
		{45D8C621-7CB5-4205-B373-4A3DD5F663B5}.Release|x86.Build.0 = Release|Any CPU
		{B674C873-FDDB-4DD7-8A57-29EF1356B0EF}.Debug|Any CPU.ActiveCfg = Debug|Any CPU
		{B674C873-FDDB-4DD7-8A57-29EF1356B0EF}.Debug|Any CPU.Build.0 = Debug|Any CPU
		{B674C873-FDDB-4DD7-8A57-29EF1356B0EF}.Debug|x64.ActiveCfg = Debug|Any CPU
		{B674C873-FDDB-4DD7-8A57-29EF1356B0EF}.Debug|x64.Build.0 = Debug|Any CPU
		{B674C873-FDDB-4DD7-8A57-29EF1356B0EF}.Debug|x86.ActiveCfg = Debug|Any CPU
		{B674C873-FDDB-4DD7-8A57-29EF1356B0EF}.Debug|x86.Build.0 = Debug|Any CPU
		{B674C873-FDDB-4DD7-8A57-29EF1356B0EF}.Release|Any CPU.ActiveCfg = Release|Any CPU
		{B674C873-FDDB-4DD7-8A57-29EF1356B0EF}.Release|Any CPU.Build.0 = Release|Any CPU
		{B674C873-FDDB-4DD7-8A57-29EF1356B0EF}.Release|x64.ActiveCfg = Release|Any CPU
		{B674C873-FDDB-4DD7-8A57-29EF1356B0EF}.Release|x64.Build.0 = Release|Any CPU
		{B674C873-FDDB-4DD7-8A57-29EF1356B0EF}.Release|x86.ActiveCfg = Release|Any CPU
		{B674C873-FDDB-4DD7-8A57-29EF1356B0EF}.Release|x86.Build.0 = Release|Any CPU
		{5C5BABB7-FC27-4915-8EA2-41E4A28CD9C5}.Debug|Any CPU.ActiveCfg = Debug|Any CPU
		{5C5BABB7-FC27-4915-8EA2-41E4A28CD9C5}.Debug|Any CPU.Build.0 = Debug|Any CPU
		{5C5BABB7-FC27-4915-8EA2-41E4A28CD9C5}.Debug|x64.ActiveCfg = Debug|Any CPU
		{5C5BABB7-FC27-4915-8EA2-41E4A28CD9C5}.Debug|x64.Build.0 = Debug|Any CPU
		{5C5BABB7-FC27-4915-8EA2-41E4A28CD9C5}.Debug|x86.ActiveCfg = Debug|Any CPU
		{5C5BABB7-FC27-4915-8EA2-41E4A28CD9C5}.Debug|x86.Build.0 = Debug|Any CPU
		{5C5BABB7-FC27-4915-8EA2-41E4A28CD9C5}.Release|Any CPU.ActiveCfg = Release|Any CPU
		{5C5BABB7-FC27-4915-8EA2-41E4A28CD9C5}.Release|Any CPU.Build.0 = Release|Any CPU
		{5C5BABB7-FC27-4915-8EA2-41E4A28CD9C5}.Release|x64.ActiveCfg = Release|Any CPU
		{5C5BABB7-FC27-4915-8EA2-41E4A28CD9C5}.Release|x64.Build.0 = Release|Any CPU
		{5C5BABB7-FC27-4915-8EA2-41E4A28CD9C5}.Release|x86.ActiveCfg = Release|Any CPU
		{5C5BABB7-FC27-4915-8EA2-41E4A28CD9C5}.Release|x86.Build.0 = Release|Any CPU
		{CA853D0A-D7A8-4594-85A9-571C4E0D12F8}.Debug|Any CPU.ActiveCfg = Debug|Any CPU
		{CA853D0A-D7A8-4594-85A9-571C4E0D12F8}.Debug|Any CPU.Build.0 = Debug|Any CPU
		{CA853D0A-D7A8-4594-85A9-571C4E0D12F8}.Debug|x64.ActiveCfg = Debug|Any CPU
		{CA853D0A-D7A8-4594-85A9-571C4E0D12F8}.Debug|x64.Build.0 = Debug|Any CPU
		{CA853D0A-D7A8-4594-85A9-571C4E0D12F8}.Debug|x86.ActiveCfg = Debug|Any CPU
		{CA853D0A-D7A8-4594-85A9-571C4E0D12F8}.Debug|x86.Build.0 = Debug|Any CPU
		{CA853D0A-D7A8-4594-85A9-571C4E0D12F8}.Release|Any CPU.ActiveCfg = Release|Any CPU
		{CA853D0A-D7A8-4594-85A9-571C4E0D12F8}.Release|Any CPU.Build.0 = Release|Any CPU
		{CA853D0A-D7A8-4594-85A9-571C4E0D12F8}.Release|x64.ActiveCfg = Release|Any CPU
		{CA853D0A-D7A8-4594-85A9-571C4E0D12F8}.Release|x64.Build.0 = Release|Any CPU
		{CA853D0A-D7A8-4594-85A9-571C4E0D12F8}.Release|x86.ActiveCfg = Release|Any CPU
		{CA853D0A-D7A8-4594-85A9-571C4E0D12F8}.Release|x86.Build.0 = Release|Any CPU
		{B8C011AE-2851-4CD3-AABC-AC9D6E5B32F1}.Debug|Any CPU.ActiveCfg = Debug|Any CPU
		{B8C011AE-2851-4CD3-AABC-AC9D6E5B32F1}.Debug|Any CPU.Build.0 = Debug|Any CPU
		{B8C011AE-2851-4CD3-AABC-AC9D6E5B32F1}.Debug|x64.ActiveCfg = Debug|Any CPU
		{B8C011AE-2851-4CD3-AABC-AC9D6E5B32F1}.Debug|x64.Build.0 = Debug|Any CPU
		{B8C011AE-2851-4CD3-AABC-AC9D6E5B32F1}.Debug|x86.ActiveCfg = Debug|Any CPU
		{B8C011AE-2851-4CD3-AABC-AC9D6E5B32F1}.Debug|x86.Build.0 = Debug|Any CPU
		{B8C011AE-2851-4CD3-AABC-AC9D6E5B32F1}.Release|Any CPU.ActiveCfg = Release|Any CPU
		{B8C011AE-2851-4CD3-AABC-AC9D6E5B32F1}.Release|Any CPU.Build.0 = Release|Any CPU
		{B8C011AE-2851-4CD3-AABC-AC9D6E5B32F1}.Release|x64.ActiveCfg = Release|Any CPU
		{B8C011AE-2851-4CD3-AABC-AC9D6E5B32F1}.Release|x64.Build.0 = Release|Any CPU
		{B8C011AE-2851-4CD3-AABC-AC9D6E5B32F1}.Release|x86.ActiveCfg = Release|Any CPU
		{B8C011AE-2851-4CD3-AABC-AC9D6E5B32F1}.Release|x86.Build.0 = Release|Any CPU
	EndGlobalSection
	GlobalSection(NestedProjects) = preSolution
		{45D8C621-7CB5-4205-B373-4A3DD5F663B5} = {279F8806-318C-4009-A608-ABFC7C5E759D}
		{B674C873-FDDB-4DD7-8A57-29EF1356B0EF} = {279F8806-318C-4009-A608-ABFC7C5E759D}
		{5C5BABB7-FC27-4915-8EA2-41E4A28CD9C5} = {279F8806-318C-4009-A608-ABFC7C5E759D}
		{CA853D0A-D7A8-4594-85A9-571C4E0D12F8} = {279F8806-318C-4009-A608-ABFC7C5E759D}
		{B8C011AE-2851-4CD3-AABC-AC9D6E5B32F1} = {279F8806-318C-4009-A608-ABFC7C5E759D}
	EndGlobalSection
EndGlobal
