
Microsoft Visual Studio Solution File, Format Version 12.00
# Visual Studio 15
VisualStudioVersion = 15.0.26124.0
MinimumVisualStudioVersion = 15.0.26124.0
Project("{2150E333-8FDC-42A3-9474-1A3956D46DE8}") = "src", "src", "{CF5EE9C6-310A-4173-99CC-DA7881DCCE54}"
EndProject
Project("{FAE04EC0-301F-11D3-BF4B-00C04F79EFBC}") = "project", "src\runtime.linux-x64.Foo\runtime.linux-x64.Foo.csproj", "{C3A1A112-439E-45F5-8EE2-C9C475F6C561}"
EndProject
Project("{FAE04EC0-301F-11D3-BF4B-00C04F79EFBC}") = "project", "src\runtime.osx-x64.Foo\runtime.osx-x64.Foo.csproj", "{19A546DE-336B-41B8-A415-E741FBABFBDA}"
EndProject
Project("{FAE04EC0-301F-11D3-BF4B-00C04F79EFBC}") = "project", "src\runtime.win-x64.Foo\runtime.win-x64.Foo.csproj", "{8F8AF346-6CD8-465E-A826-9C2DF04C246F}"
EndProject
Project("{FAE04EC0-301F-11D3-BF4B-00C04F79EFBC}") = "project", "src\Foo\project.csproj", "{54AF810A-F3B2-457D-ADD1-C5461FFAB4B1}"
EndProject
Global
	GlobalSection(SolutionConfigurationPlatforms) = preSolution
		Debug|Any CPU = Debug|Any CPU
		Debug|x64 = Debug|x64
		Debug|x86 = Debug|x86
		Release|Any CPU = Release|Any CPU
		Release|x64 = Release|x64
		Release|x86 = Release|x86
	EndGlobalSection
	GlobalSection(SolutionProperties) = preSolution
		HideSolutionNode = FALSE
	EndGlobalSection
	GlobalSection(ProjectConfigurationPlatforms) = postSolution
		{C3A1A112-439E-45F5-8EE2-C9C475F6C561}.Debug|Any CPU.ActiveCfg = Debug|Any CPU
		{C3A1A112-439E-45F5-8EE2-C9C475F6C561}.Debug|Any CPU.Build.0 = Debug|Any CPU
		{C3A1A112-439E-45F5-8EE2-C9C475F6C561}.Debug|x64.ActiveCfg = Debug|Any CPU
		{C3A1A112-439E-45F5-8EE2-C9C475F6C561}.Debug|x64.Build.0 = Debug|Any CPU
		{C3A1A112-439E-45F5-8EE2-C9C475F6C561}.Debug|x86.ActiveCfg = Debug|Any CPU
		{C3A1A112-439E-45F5-8EE2-C9C475F6C561}.Debug|x86.Build.0 = Debug|Any CPU
		{C3A1A112-439E-45F5-8EE2-C9C475F6C561}.Release|Any CPU.ActiveCfg = Release|Any CPU
		{C3A1A112-439E-45F5-8EE2-C9C475F6C561}.Release|Any CPU.Build.0 = Release|Any CPU
		{C3A1A112-439E-45F5-8EE2-C9C475F6C561}.Release|x64.ActiveCfg = Release|Any CPU
		{C3A1A112-439E-45F5-8EE2-C9C475F6C561}.Release|x64.Build.0 = Release|Any CPU
		{C3A1A112-439E-45F5-8EE2-C9C475F6C561}.Release|x86.ActiveCfg = Release|Any CPU
		{C3A1A112-439E-45F5-8EE2-C9C475F6C561}.Release|x86.Build.0 = Release|Any CPU
		{19A546DE-336B-41B8-A415-E741FBABFBDA}.Debug|Any CPU.ActiveCfg = Debug|Any CPU
		{19A546DE-336B-41B8-A415-E741FBABFBDA}.Debug|Any CPU.Build.0 = Debug|Any CPU
		{19A546DE-336B-41B8-A415-E741FBABFBDA}.Debug|x64.ActiveCfg = Debug|Any CPU
		{19A546DE-336B-41B8-A415-E741FBABFBDA}.Debug|x64.Build.0 = Debug|Any CPU
		{19A546DE-336B-41B8-A415-E741FBABFBDA}.Debug|x86.ActiveCfg = Debug|Any CPU
		{19A546DE-336B-41B8-A415-E741FBABFBDA}.Debug|x86.Build.0 = Debug|Any CPU
		{19A546DE-336B-41B8-A415-E741FBABFBDA}.Release|Any CPU.ActiveCfg = Release|Any CPU
		{19A546DE-336B-41B8-A415-E741FBABFBDA}.Release|Any CPU.Build.0 = Release|Any CPU
		{19A546DE-336B-41B8-A415-E741FBABFBDA}.Release|x64.ActiveCfg = Release|Any CPU
		{19A546DE-336B-41B8-A415-E741FBABFBDA}.Release|x64.Build.0 = Release|Any CPU
		{19A546DE-336B-41B8-A415-E741FBABFBDA}.Release|x86.ActiveCfg = Release|Any CPU
		{19A546DE-336B-41B8-A415-E741FBABFBDA}.Release|x86.Build.0 = Release|Any CPU
		{8F8AF346-6CD8-465E-A826-9C2DF04C246F}.Debug|Any CPU.ActiveCfg = Debug|Any CPU
		{8F8AF346-6CD8-465E-A826-9C2DF04C246F}.Debug|Any CPU.Build.0 = Debug|Any CPU
		{8F8AF346-6CD8-465E-A826-9C2DF04C246F}.Debug|x64.ActiveCfg = Debug|Any CPU
		{8F8AF346-6CD8-465E-A826-9C2DF04C246F}.Debug|x64.Build.0 = Debug|Any CPU
		{8F8AF346-6CD8-465E-A826-9C2DF04C246F}.Debug|x86.ActiveCfg = Debug|Any CPU
		{8F8AF346-6CD8-465E-A826-9C2DF04C246F}.Debug|x86.Build.0 = Debug|Any CPU
		{8F8AF346-6CD8-465E-A826-9C2DF04C246F}.Release|Any CPU.ActiveCfg = Release|Any CPU
		{8F8AF346-6CD8-465E-A826-9C2DF04C246F}.Release|Any CPU.Build.0 = Release|Any CPU
		{8F8AF346-6CD8-465E-A826-9C2DF04C246F}.Release|x64.ActiveCfg = Release|Any CPU
		{8F8AF346-6CD8-465E-A826-9C2DF04C246F}.Release|x64.Build.0 = Release|Any CPU
		{8F8AF346-6CD8-465E-A826-9C2DF04C246F}.Release|x86.ActiveCfg = Release|Any CPU
		{8F8AF346-6CD8-465E-A826-9C2DF04C246F}.Release|x86.Build.0 = Release|Any CPU
		{54AF810A-F3B2-457D-ADD1-C5461FFAB4B1}.Debug|Any CPU.ActiveCfg = Debug|Any CPU
		{54AF810A-F3B2-457D-ADD1-C5461FFAB4B1}.Debug|Any CPU.Build.0 = Debug|Any CPU
		{54AF810A-F3B2-457D-ADD1-C5461FFAB4B1}.Debug|x64.ActiveCfg = Debug|Any CPU
		{54AF810A-F3B2-457D-ADD1-C5461FFAB4B1}.Debug|x64.Build.0 = Debug|Any CPU
		{54AF810A-F3B2-457D-ADD1-C5461FFAB4B1}.Debug|x86.ActiveCfg = Debug|Any CPU
		{54AF810A-F3B2-457D-ADD1-C5461FFAB4B1}.Debug|x86.Build.0 = Debug|Any CPU
		{54AF810A-F3B2-457D-ADD1-C5461FFAB4B1}.Release|Any CPU.ActiveCfg = Release|Any CPU
		{54AF810A-F3B2-457D-ADD1-C5461FFAB4B1}.Release|Any CPU.Build.0 = Release|Any CPU
		{54AF810A-F3B2-457D-ADD1-C5461FFAB4B1}.Release|x64.ActiveCfg = Release|Any CPU
		{54AF810A-F3B2-457D-ADD1-C5461FFAB4B1}.Release|x64.Build.0 = Release|Any CPU
		{54AF810A-F3B2-457D-ADD1-C5461FFAB4B1}.Release|x86.ActiveCfg = Release|Any CPU
		{54AF810A-F3B2-457D-ADD1-C5461FFAB4B1}.Release|x86.Build.0 = Release|Any CPU
	EndGlobalSection
	GlobalSection(NestedProjects) = preSolution
		{C3A1A112-439E-45F5-8EE2-C9C475F6C561} = {CF5EE9C6-310A-4173-99CC-DA7881DCCE54}
		{19A546DE-336B-41B8-A415-E741FBABFBDA} = {CF5EE9C6-310A-4173-99CC-DA7881DCCE54}
		{8F8AF346-6CD8-465E-A826-9C2DF04C246F} = {CF5EE9C6-310A-4173-99CC-DA7881DCCE54}
		{54AF810A-F3B2-457D-ADD1-C5461FFAB4B1} = {CF5EE9C6-310A-4173-99CC-DA7881DCCE54}
	EndGlobalSection
EndGlobal
